
Microsoft Visual Studio Solution File, Format Version 12.00
# Visual Studio 15
VisualStudioVersion = 15.0.27703.2026
MinimumVisualStudioVersion = 10.0.40219.1
Project("{FAE04EC0-301F-11D3-BF4B-00C04F79EFBC}") = "Assignment 10", "Assignment 10\Assignment 10.csproj", "{2AD80963-D4BF-4E4D-903C-8514D9952230}"
EndProject
Global
	GlobalSection(SolutionConfigurationPlatforms) = preSolution
		Debug|Any CPU = Debug|Any CPU
		Release|Any CPU = Release|Any CPU
	EndGlobalSection
	GlobalSection(ProjectConfigurationPlatforms) = postSolution
		{2AD80963-D4BF-4E4D-903C-8514D9952230}.Debug|Any CPU.ActiveCfg = Debug|Any CPU
		{2AD80963-D4BF-4E4D-903C-8514D9952230}.Debug|Any CPU.Build.0 = Debug|Any CPU
		{2AD80963-D4BF-4E4D-903C-8514D9952230}.Release|Any CPU.ActiveCfg = Release|Any CPU
		{2AD80963-D4BF-4E4D-903C-8514D9952230}.Release|Any CPU.Build.0 = Release|Any CPU
	EndGlobalSection
	GlobalSection(SolutionProperties) = preSolution
		HideSolutionNode = FALSE
	EndGlobalSection
	GlobalSection(ExtensibilityGlobals) = postSolution
		SolutionGuid = {73A9A04A-654B-4A39-A3E6-7267EAB632B6}
	EndGlobalSection
EndGlobal
